{
  "name": "demo-project",
  "version": "1.0.0",
  "lockfileVersion": 1,
  "requires": true,
  "dependencies": {
    "@types/node": {
      "version": "12.0.10",
      "resolved": "http://tlvmvnrepository.tlv.lpnet.com/artifactory/api/npm/lp-npm-virtual/@types/node/-/node-12.0.10.tgz?dl=https://registry.npmjs.org/@types/node/-/node-12.0.10.tgz",
      "integrity": "sha1-Ubq/nH3q3VNDYgBV/Ir/eZXIsDE="
    },
    "accepts": {
      "version": "1.3.7",
      "resolved": "http://tlvmvnrepository.tlv.lpnet.com/artifactory/api/npm/lp-npm-virtual/accepts/-/accepts-1.3.7.tgz?dl=https://registry.npmjs.org/accepts/-/accepts-1.3.7.tgz",
      "integrity": "sha1-UxvHJlF6OytB+FACHGzBXqq1B80=",
      "requires": {
        "mime-types": "~2.1.24",
        "negotiator": "0.6.2"
      }
    },
    "any-promise": {
      "version": "1.3.0",
      "resolved": "http://tlvmvnrepository.tlv.lpnet.com/artifactory/api/npm/lp-npm-virtual/any-promise/-/any-promise-1.3.0.tgz?dl=https://registry.npmjs.org/any-promise/-/any-promise-1.3.0.tgz",
      "integrity": "sha1-q8av7tzqUugJzcA3au0845Y10X8="
    },
    "array-flatten": {
      "version": "1.1.1",
      "resolved": "http://tlvmvnrepository.tlv.lpnet.com/artifactory/api/npm/lp-npm-virtual/array-flatten/-/array-flatten-1.1.1.tgz?dl=https://registry.npmjs.org/array-flatten/-/array-flatten-1.1.1.tgz",
      "integrity": "sha1-ml9pkFGx5wczKPKgCJaLZOopVdI="
    },
    "bcryptjs": {
      "version": "2.4.3",
      "resolved": "http://tlvmvnrepository.tlv.lpnet.com/artifactory/api/npm/lp-npm-virtual/bcryptjs/-/bcryptjs-2.4.3.tgz?dl=https://registry.npmjs.org/bcryptjs/-/bcryptjs-2.4.3.tgz",
      "integrity": "sha1-mrVie5PmBiH/fNrF2pczAn3x0Ms="
    },
    "bluebird": {
      "version": "3.5.5",
      "resolved": "http://tlvmvnrepository.tlv.lpnet.com/artifactory/api/npm/lp-npm-virtual/bluebird/-/bluebird-3.5.5.tgz?dl=https://registry.npmjs.org/bluebird/-/bluebird-3.5.5.tgz",
      "integrity": "sha1-qNCv1zJR7/u9X+OEp31zADwXpx8="
    },
    "body-parser": {
      "version": "1.19.0",
      "resolved": "http://tlvmvnrepository.tlv.lpnet.com/artifactory/api/npm/lp-npm-virtual/body-parser/-/body-parser-1.19.0.tgz?dl=https://registry.npmjs.org/body-parser/-/body-parser-1.19.0.tgz",
      "integrity": "sha1-lrJwnlfJxOCab9Zqj9l5hE9p8Io=",
      "requires": {
        "bytes": "3.1.0",
        "content-type": "~1.0.4",
        "debug": "2.6.9",
        "depd": "~1.1.2",
        "http-errors": "1.7.2",
        "iconv-lite": "0.4.24",
        "on-finished": "~2.3.0",
        "qs": "6.7.0",
        "raw-body": "2.4.0",
        "type-is": "~1.6.17"
      }
    },
    "bytes": {
      "version": "3.1.0",
      "resolved": "http://tlvmvnrepository.tlv.lpnet.com/artifactory/api/npm/lp-npm-virtual/bytes/-/bytes-3.1.0.tgz?dl=https://registry.npmjs.org/bytes/-/bytes-3.1.0.tgz",
      "integrity": "sha1-9s95M6Ng4FiPqf3oVlHNx/gF0fY="
    },
    "cls-bluebird": {
      "version": "2.1.0",
      "resolved": "http://tlvmvnrepository.tlv.lpnet.com/artifactory/api/npm/lp-npm-virtual/cls-bluebird/-/cls-bluebird-2.1.0.tgz?dl=https://registry.npmjs.org/cls-bluebird/-/cls-bluebird-2.1.0.tgz",
      "integrity": "sha1-N+8eCAqP+1XC9BZPU28ZGeeWiu4=",
      "requires": {
        "is-bluebird": "^1.0.2",
        "shimmer": "^1.1.0"
      }
    },
    "content-disposition": {
      "version": "0.5.3",
      "resolved": "http://tlvmvnrepository.tlv.lpnet.com/artifactory/api/npm/lp-npm-virtual/content-disposition/-/content-disposition-0.5.3.tgz?dl=https://registry.npmjs.org/content-disposition/-/content-disposition-0.5.3.tgz",
      "integrity": "sha1-4TDK9+cnkIfFYWwgB9BIVpiYT70=",
      "requires": {
        "safe-buffer": "5.1.2"
      }
    },
    "content-type": {
      "version": "1.0.4",
      "resolved": "http://tlvmvnrepository.tlv.lpnet.com/artifactory/api/npm/lp-npm-virtual/content-type/-/content-type-1.0.4.tgz?dl=https://registry.npmjs.org/content-type/-/content-type-1.0.4.tgz",
      "integrity": "sha1-4TjMdeBAxyexlm/l5fjJruJW/js="
    },
    "cookie": {
      "version": "0.4.0",
      "resolved": "http://tlvmvnrepository.tlv.lpnet.com/artifactory/api/npm/lp-npm-virtual/cookie/-/cookie-0.4.0.tgz?dl=https://registry.npmjs.org/cookie/-/cookie-0.4.0.tgz",
      "integrity": "sha1-vrQ35wIrO21JAZ0IhmUwPr6cFLo="
    },
    "cookie-signature": {
      "version": "1.0.6",
      "resolved": "http://tlvmvnrepository.tlv.lpnet.com/artifactory/api/npm/lp-npm-virtual/cookie-signature/-/cookie-signature-1.0.6.tgz?dl=https://registry.npmjs.org/cookie-signature/-/cookie-signature-1.0.6.tgz",
      "integrity": "sha1-4wOogrNCzD7oylE6eZmXNNqzriw="
    },
    "debug": {
      "version": "2.6.9",
      "resolved": "http://tlvmvnrepository.tlv.lpnet.com/artifactory/api/npm/lp-npm-virtual/debug/-/debug-2.6.9.tgz?dl=https://registry.npmjs.org/debug/-/debug-2.6.9.tgz",
      "integrity": "sha1-XRKFFd8TT/Mn6QpMk/Tgd6U2NB8=",
      "requires": {
        "ms": "2.0.0"
      }
    },
    "denque": {
      "version": "1.4.1",
      "resolved": "http://tlvmvnrepository.tlv.lpnet.com/artifactory/api/npm/lp-npm-virtual/denque/-/denque-1.4.1.tgz?dl=https://registry.npmjs.org/denque/-/denque-1.4.1.tgz",
      "integrity": "sha1-Z0T/dkHBSMP4ppwwflEjXB9KN88="
    },
    "depd": {
      "version": "1.1.2",
      "resolved": "http://tlvmvnrepository.tlv.lpnet.com/artifactory/api/npm/lp-npm-virtual/depd/-/depd-1.1.2.tgz?dl=https://registry.npmjs.org/depd/-/depd-1.1.2.tgz",
      "integrity": "sha1-m81S4UwJd2PnSbJ0xDRu0uVgtak="
    },
    "destroy": {
      "version": "1.0.4",
      "resolved": "http://tlvmvnrepository.tlv.lpnet.com/artifactory/api/npm/lp-npm-virtual/destroy/-/destroy-1.0.4.tgz?dl=https://registry.npmjs.org/destroy/-/destroy-1.0.4.tgz",
      "integrity": "sha1-l4hXRCxEdJ5CBmE+N5RiBYJqvYA="
    },
    "dotenv": {
      "version": "8.0.0",
      "resolved": "http://tlvmvnrepository.tlv.lpnet.com/artifactory/api/npm/lp-npm-virtual/dotenv/-/dotenv-8.0.0.tgz?dl=https://registry.npmjs.org/dotenv/-/dotenv-8.0.0.tgz",
      "integrity": "sha1-7TEMFltOipe7dFsKnZnDG9pWZEA="
    },
    "dottie": {
      "version": "2.0.1",
      "resolved": "http://tlvmvnrepository.tlv.lpnet.com/artifactory/api/npm/lp-npm-virtual/dottie/-/dottie-2.0.1.tgz?dl=https://registry.npmjs.org/dottie/-/dottie-2.0.1.tgz",
      "integrity": "sha1-aXrZ1yAE23V00h+JJGajwoWJNlk="
    },
    "ee-first": {
      "version": "1.1.1",
      "resolved": "http://tlvmvnrepository.tlv.lpnet.com/artifactory/api/npm/lp-npm-virtual/ee-first/-/ee-first-1.1.1.tgz?dl=https://registry.npmjs.org/ee-first/-/ee-first-1.1.1.tgz",
      "integrity": "sha1-WQxhFWsK4vTwJVcyoViyZrxWsh0="
    },
    "encodeurl": {
      "version": "1.0.2",
      "resolved": "http://tlvmvnrepository.tlv.lpnet.com/artifactory/api/npm/lp-npm-virtual/encodeurl/-/encodeurl-1.0.2.tgz?dl=https://registry.npmjs.org/encodeurl/-/encodeurl-1.0.2.tgz",
      "integrity": "sha1-rT/0yG7C0CkyL1oCw6mmBslbP1k="
    },
    "escape-html": {
      "version": "1.0.3",
      "resolved": "http://tlvmvnrepository.tlv.lpnet.com/artifactory/api/npm/lp-npm-virtual/escape-html/-/escape-html-1.0.3.tgz?dl=https://registry.npmjs.org/escape-html/-/escape-html-1.0.3.tgz",
      "integrity": "sha1-Aljq5NPQwJdN4cFpGI7wBR0dGYg="
    },
    "etag": {
      "version": "1.8.1",
      "resolved": "http://tlvmvnrepository.tlv.lpnet.com/artifactory/api/npm/lp-npm-virtual/etag/-/etag-1.8.1.tgz?dl=https://registry.npmjs.org/etag/-/etag-1.8.1.tgz",
      "integrity": "sha1-Qa4u62XvpiJorr/qg6x9eSmbCIc="
    },
    "express": {
      "version": "4.17.1",
      "resolved": "http://tlvmvnrepository.tlv.lpnet.com/artifactory/api/npm/lp-npm-virtual/express/-/express-4.17.1.tgz?dl=https://registry.npmjs.org/express/-/express-4.17.1.tgz",
      "integrity": "sha1-RJH8OGBc9R+GKdOcK10Cb5ikwTQ=",
      "requires": {
        "accepts": "~1.3.7",
        "array-flatten": "1.1.1",
        "body-parser": "1.19.0",
        "content-disposition": "0.5.3",
        "content-type": "~1.0.4",
        "cookie": "0.4.0",
        "cookie-signature": "1.0.6",
        "debug": "2.6.9",
        "depd": "~1.1.2",
        "encodeurl": "~1.0.2",
        "escape-html": "~1.0.3",
        "etag": "~1.8.1",
        "finalhandler": "~1.1.2",
        "fresh": "0.5.2",
        "merge-descriptors": "1.0.1",
        "methods": "~1.1.2",
        "on-finished": "~2.3.0",
        "parseurl": "~1.3.3",
        "path-to-regexp": "0.1.7",
        "proxy-addr": "~2.0.5",
        "qs": "6.7.0",
        "range-parser": "~1.2.1",
        "safe-buffer": "5.1.2",
        "send": "0.17.1",
        "serve-static": "1.14.1",
        "setprototypeof": "1.1.1",
        "statuses": "~1.5.0",
        "type-is": "~1.6.18",
        "utils-merge": "1.0.1",
        "vary": "~1.1.2"
      }
    },
    "express-session": {
      "version": "1.16.2",
      "resolved": "http://tlvmvnrepository.tlv.lpnet.com/artifactory/api/npm/lp-npm-virtual/express-session/-/express-session-1.16.2.tgz?dl=https://registry.npmjs.org/express-session/-/express-session-1.16.2.tgz",
      "integrity": "sha1-WfNtd3DpSHLRmxY7Zwii0WqmhIw=",
      "requires": {
        "cookie": "0.3.1",
        "cookie-signature": "1.0.6",
        "debug": "2.6.9",
        "depd": "~2.0.0",
        "on-headers": "~1.0.2",
        "parseurl": "~1.3.3",
        "safe-buffer": "5.1.2",
        "uid-safe": "~2.1.5"
      },
      "dependencies": {
        "cookie": {
          "version": "0.3.1",
          "resolved": "http://tlvmvnrepository.tlv.lpnet.com/artifactory/api/npm/lp-npm-virtual/cookie/-/cookie-0.3.1.tgz?dl=https://registry.npmjs.org/cookie/-/cookie-0.3.1.tgz",
          "integrity": "sha1-5+Ch+e9DtMi6klxcWpboBtFoc7s="
        },
        "depd": {
          "version": "2.0.0",
          "resolved": "http://tlvmvnrepository.tlv.lpnet.com/artifactory/api/npm/lp-npm-virtual/depd/-/depd-2.0.0.tgz?dl=https://registry.npmjs.org/depd/-/depd-2.0.0.tgz",
          "integrity": "sha1-tpYWPMdXVg0JzyLMj60Vcbeedt8="
        }
      }
    },
    "finalhandler": {
      "version": "1.1.2",
      "resolved": "http://tlvmvnrepository.tlv.lpnet.com/artifactory/api/npm/lp-npm-virtual/finalhandler/-/finalhandler-1.1.2.tgz?dl=https://registry.npmjs.org/finalhandler/-/finalhandler-1.1.2.tgz",
      "integrity": "sha1-t+fQAP/RGTjQ/bBTUG9uur6fWH0=",
      "requires": {
        "debug": "2.6.9",
        "encodeurl": "~1.0.2",
        "escape-html": "~1.0.3",
        "on-finished": "~2.3.0",
        "parseurl": "~1.3.3",
        "statuses": "~1.5.0",
        "unpipe": "~1.0.0"
      }
    },
    "forwarded": {
      "version": "0.1.2",
      "resolved": "http://tlvmvnrepository.tlv.lpnet.com/artifactory/api/npm/lp-npm-virtual/forwarded/-/forwarded-0.1.2.tgz?dl=https://registry.npmjs.org/forwarded/-/forwarded-0.1.2.tgz",
      "integrity": "sha1-mMI9qxF1ZXuMBXPozszZGw/xjIQ="
    },
    "fresh": {
      "version": "0.5.2",
      "resolved": "http://tlvmvnrepository.tlv.lpnet.com/artifactory/api/npm/lp-npm-virtual/fresh/-/fresh-0.5.2.tgz?dl=https://registry.npmjs.org/fresh/-/fresh-0.5.2.tgz",
      "integrity": "sha1-PYyt2Q2XZWn6g1qx+OSyOhBWBac="
    },
    "generate-function": {
      "version": "2.3.1",
      "resolved": "http://tlvmvnrepository.tlv.lpnet.com/artifactory/api/npm/lp-npm-virtual/generate-function/-/generate-function-2.3.1.tgz?dl=https://registry.npmjs.org/generate-function/-/generate-function-2.3.1.tgz",
      "integrity": "sha1-8GlhdpDBDIaOc7hGV0Z2T5fDR58=",
      "requires": {
        "is-property": "^1.0.2"
      }
    },
    "http-errors": {
      "version": "1.7.2",
      "resolved": "http://tlvmvnrepository.tlv.lpnet.com/artifactory/api/npm/lp-npm-virtual/http-errors/-/http-errors-1.7.2.tgz?dl=https://registry.npmjs.org/http-errors/-/http-errors-1.7.2.tgz",
      "integrity": "sha1-T1ApzxMjnzEDblsuVSkrz7zIXI8=",
      "requires": {
        "depd": "~1.1.2",
        "inherits": "2.0.3",
        "setprototypeof": "1.1.1",
        "statuses": ">= 1.5.0 < 2",
        "toidentifier": "1.0.0"
      }
    },
    "iconv-lite": {
      "version": "0.4.24",
      "resolved": "http://tlvmvnrepository.tlv.lpnet.com/artifactory/api/npm/lp-npm-virtual/iconv-lite/-/iconv-lite-0.4.24.tgz?dl=https://registry.npmjs.org/iconv-lite/-/iconv-lite-0.4.24.tgz",
      "integrity": "sha1-ICK0sl+93CHS9SSXSkdKr+czkIs=",
      "requires": {
        "safer-buffer": ">= 2.1.2 < 3"
      }
    },
    "inflection": {
      "version": "1.12.0",
      "resolved": "http://tlvmvnrepository.tlv.lpnet.com/artifactory/api/npm/lp-npm-virtual/inflection/-/inflection-1.12.0.tgz?dl=https://registry.npmjs.org/inflection/-/inflection-1.12.0.tgz",
      "integrity": "sha1-ogCTVlbW9fa8TcdQLhrstwMihBY="
    },
    "inherits": {
      "version": "2.0.3",
      "resolved": "http://tlvmvnrepository.tlv.lpnet.com/artifactory/api/npm/lp-npm-virtual/inherits/-/inherits-2.0.3.tgz?dl=https://registry.npmjs.org/inherits/-/inherits-2.0.3.tgz",
      "integrity": "sha1-Yzwsg+PaQqUC9SRmAiSA9CCCYd4="
    },
    "ipaddr.js": {
      "version": "1.9.0",
      "resolved": "http://tlvmvnrepository.tlv.lpnet.com/artifactory/api/npm/lp-npm-virtual/ipaddr.js/-/ipaddr.js-1.9.0.tgz?dl=https://registry.npmjs.org/ipaddr.js/-/ipaddr.js-1.9.0.tgz",
      "integrity": "sha1-N9905DCg5HVQ/lSi3v4w2KzZX2U="
    },
    "is-bluebird": {
      "version": "1.0.2",
      "resolved": "http://tlvmvnrepository.tlv.lpnet.com/artifactory/api/npm/lp-npm-virtual/is-bluebird/-/is-bluebird-1.0.2.tgz?dl=https://registry.npmjs.org/is-bluebird/-/is-bluebird-1.0.2.tgz",
      "integrity": "sha1-CWQ5Bg9KpBGr7hkUOoTWpVNG1uI="
    },
    "is-property": {
      "version": "1.0.2",
      "resolved": "http://tlvmvnrepository.tlv.lpnet.com/artifactory/api/npm/lp-npm-virtual/is-property/-/is-property-1.0.2.tgz?dl=https://registry.npmjs.org/is-property/-/is-property-1.0.2.tgz",
      "integrity": "sha1-V/4cTkhHTt1lsJkR8msc1Ald2oQ="
    },
    "lodash": {
      "version": "4.17.11",
      "resolved": "http://tlvmvnrepository.tlv.lpnet.com/artifactory/api/npm/lp-npm-virtual/lodash/-/lodash-4.17.11.tgz?dl=https://registry.npmjs.org/lodash/-/lodash-4.17.11.tgz",
      "integrity": "sha1-s56mIp72B+zYniyN8SU2iRysm40="
    },
    "long": {
      "version": "4.0.0",
      "resolved": "http://tlvmvnrepository.tlv.lpnet.com/artifactory/api/npm/lp-npm-virtual/long/-/long-4.0.0.tgz?dl=https://registry.npmjs.org/long/-/long-4.0.0.tgz",
      "integrity": "sha1-mntxz7fTYaGU6lVSQckvdGjVvyg="
    },
    "lru-cache": {
      "version": "4.1.5",
      "resolved": "http://tlvmvnrepository.tlv.lpnet.com/artifactory/api/npm/lp-npm-virtual/lru-cache/-/lru-cache-4.1.5.tgz?dl=https://registry.npmjs.org/lru-cache/-/lru-cache-4.1.5.tgz",
      "integrity": "sha1-i75Q6oW+1ZvJ4z3KuCNe6bz0Q80=",
      "requires": {
        "pseudomap": "^1.0.2",
        "yallist": "^2.1.2"
      }
    },
    "media-typer": {
      "version": "0.3.0",
      "resolved": "http://tlvmvnrepository.tlv.lpnet.com/artifactory/api/npm/lp-npm-virtual/media-typer/-/media-typer-0.3.0.tgz?dl=https://registry.npmjs.org/media-typer/-/media-typer-0.3.0.tgz",
      "integrity": "sha1-hxDXrwqmJvj/+hzgAWhUUmMlV0g="
    },
    "merge-descriptors": {
      "version": "1.0.1",
      "resolved": "http://tlvmvnrepository.tlv.lpnet.com/artifactory/api/npm/lp-npm-virtual/merge-descriptors/-/merge-descriptors-1.0.1.tgz?dl=https://registry.npmjs.org/merge-descriptors/-/merge-descriptors-1.0.1.tgz",
      "integrity": "sha1-sAqqVW3YtEVoFQ7J0blT8/kMu2E="
    },
    "methods": {
      "version": "1.1.2",
      "resolved": "http://tlvmvnrepository.tlv.lpnet.com/artifactory/api/npm/lp-npm-virtual/methods/-/methods-1.1.2.tgz?dl=https://registry.npmjs.org/methods/-/methods-1.1.2.tgz",
      "integrity": "sha1-VSmk1nZUE07cxSZmVoNbD4Ua/O4="
    },
    "mime": {
      "version": "1.6.0",
      "resolved": "http://tlvmvnrepository.tlv.lpnet.com/artifactory/api/npm/lp-npm-virtual/mime/-/mime-1.6.0.tgz?dl=https://registry.npmjs.org/mime/-/mime-1.6.0.tgz",
      "integrity": "sha1-Ms2eXGRVO9WNGaVor0Uqz/BJgbE="
    },
    "mime-db": {
      "version": "1.40.0",
      "resolved": "http://tlvmvnrepository.tlv.lpnet.com/artifactory/api/npm/lp-npm-virtual/mime-db/-/mime-db-1.40.0.tgz?dl=https://registry.npmjs.org/mime-db/-/mime-db-1.40.0.tgz",
      "integrity": "sha1-plBX6ZjbCQ9zKmj2wnbTh9QSbDI="
    },
    "mime-types": {
      "version": "2.1.24",
      "resolved": "http://tlvmvnrepository.tlv.lpnet.com/artifactory/api/npm/lp-npm-virtual/mime-types/-/mime-types-2.1.24.tgz?dl=https://registry.npmjs.org/mime-types/-/mime-types-2.1.24.tgz",
      "integrity": "sha1-tvjQs+lR77d97eyhlM/20W9nb4E=",
      "requires": {
        "mime-db": "1.40.0"
      }
    },
    "moment": {
      "version": "2.24.0",
      "resolved": "http://tlvmvnrepository.tlv.lpnet.com/artifactory/api/npm/lp-npm-virtual/moment/-/moment-2.24.0.tgz?dl=https://registry.npmjs.org/moment/-/moment-2.24.0.tgz",
      "integrity": "sha1-DQVdU/UFKqZTyfbraLtdEr9cK1s="
    },
    "moment-timezone": {
      "version": "0.5.25",
      "resolved": "http://tlvmvnrepository.tlv.lpnet.com/artifactory/api/npm/lp-npm-virtual/moment-timezone/-/moment-timezone-0.5.25.tgz?dl=https://registry.npmjs.org/moment-timezone/-/moment-timezone-0.5.25.tgz",
      "integrity": "sha1-oRv6L3TgiDJ/LNTAiz5731WVeBA=",
      "requires": {
        "moment": ">= 2.9.0"
      }
    },
    "ms": {
      "version": "2.0.0",
      "resolved": "http://tlvmvnrepository.tlv.lpnet.com/artifactory/api/npm/lp-npm-virtual/ms/-/ms-2.0.0.tgz?dl=https://registry.npmjs.org/ms/-/ms-2.0.0.tgz",
      "integrity": "sha1-VgiurfwAvmwpAd9fmGF4jeDVl8g="
    },
    "mysql2": {
      "version": "1.6.5",
      "resolved": "http://tlvmvnrepository.tlv.lpnet.com/artifactory/api/npm/lp-npm-virtual/mysql2/-/mysql2-1.6.5.tgz?dl=https://registry.npmjs.org/mysql2/-/mysql2-1.6.5.tgz",
      "integrity": "sha1-ZpUwT6LOeT3aXJjou+xly9Lmy50=",
      "requires": {
        "denque": "^1.4.0",
        "generate-function": "^2.3.1",
        "iconv-lite": "^0.4.24",
        "long": "^4.0.0",
        "lru-cache": "^4.1.3",
        "named-placeholders": "^1.1.2",
        "seq-queue": "^0.0.5",
        "sqlstring": "^2.3.1"
      }
    },
    "named-placeholders": {
      "version": "1.1.2",
      "resolved": "http://tlvmvnrepository.tlv.lpnet.com/artifactory/api/npm/lp-npm-virtual/named-placeholders/-/named-placeholders-1.1.2.tgz?dl=https://registry.npmjs.org/named-placeholders/-/named-placeholders-1.1.2.tgz",
      "integrity": "sha1-zrH7/1C2szSStc8hTM9eOc7z0Og=",
      "requires": {
        "lru-cache": "^4.1.3"
      }
    },
    "negotiator": {
      "version": "0.6.2",
      "resolved": "http://tlvmvnrepository.tlv.lpnet.com/artifactory/api/npm/lp-npm-virtual/negotiator/-/negotiator-0.6.2.tgz?dl=https://registry.npmjs.org/negotiator/-/negotiator-0.6.2.tgz",
      "integrity": "sha1-/qz3zPUlp3rpY0Q2pkiD/+yjRvs="
    },
    "on-finished": {
      "version": "2.3.0",
      "resolved": "http://tlvmvnrepository.tlv.lpnet.com/artifactory/api/npm/lp-npm-virtual/on-finished/-/on-finished-2.3.0.tgz?dl=https://registry.npmjs.org/on-finished/-/on-finished-2.3.0.tgz",
      "integrity": "sha1-IPEzZIGwg811M3mSoWlxqi2QaUc=",
      "requires": {
        "ee-first": "1.1.1"
      }
    },
    "on-headers": {
      "version": "1.0.2",
      "resolved": "http://tlvmvnrepository.tlv.lpnet.com/artifactory/api/npm/lp-npm-virtual/on-headers/-/on-headers-1.0.2.tgz?dl=https://registry.npmjs.org/on-headers/-/on-headers-1.0.2.tgz",
      "integrity": "sha1-dysK5qqlJcOZ5Imt+tkMQD6zwo8="
    },
    "parseurl": {
      "version": "1.3.3",
      "resolved": "http://tlvmvnrepository.tlv.lpnet.com/artifactory/api/npm/lp-npm-virtual/parseurl/-/parseurl-1.3.3.tgz?dl=https://registry.npmjs.org/parseurl/-/parseurl-1.3.3.tgz",
      "integrity": "sha1-naGee+6NEt/wUT7Vt2lXeTvC6NQ="
    },
    "passport": {
      "version": "0.4.0",
      "resolved": "http://tlvmvnrepository.tlv.lpnet.com/artifactory/api/npm/lp-npm-virtual/passport/-/passport-0.4.0.tgz?dl=https://registry.npmjs.org/passport/-/passport-0.4.0.tgz",
      "integrity": "sha1-xQlWkTR71a07XhgCOMORTRbwWBE=",
      "requires": {
        "passport-strategy": "1.x.x",
        "pause": "0.0.1"
      }
    },
    "passport-local": {
      "version": "1.0.0",
      "resolved": "http://tlvmvnrepository.tlv.lpnet.com/artifactory/api/npm/lp-npm-virtual/passport-local/-/passport-local-1.0.0.tgz?dl=https://registry.npmjs.org/passport-local/-/passport-local-1.0.0.tgz",
      "integrity": "sha1-H+YyaMkudWBmJkN+O5BmYsFbpu4=",
      "requires": {
        "passport-strategy": "1.x.x"
      }
    },
    "passport-strategy": {
      "version": "1.0.0",
      "resolved": "http://tlvmvnrepository.tlv.lpnet.com/artifactory/api/npm/lp-npm-virtual/passport-strategy/-/passport-strategy-1.0.0.tgz?dl=https://registry.npmjs.org/passport-strategy/-/passport-strategy-1.0.0.tgz",
      "integrity": "sha1-tVOaqPwiWj0a0XlHbd8ja0QPUuQ="
    },
    "path-to-regexp": {
      "version": "0.1.7",
      "resolved": "http://tlvmvnrepository.tlv.lpnet.com/artifactory/api/npm/lp-npm-virtual/path-to-regexp/-/path-to-regexp-0.1.7.tgz?dl=https://registry.npmjs.org/path-to-regexp/-/path-to-regexp-0.1.7.tgz",
      "integrity": "sha1-32BBeABfUi8V60SQ5yR6G/qmf4w="
    },
    "pause": {
      "version": "0.0.1",
      "resolved": "http://tlvmvnrepository.tlv.lpnet.com/artifactory/api/npm/lp-npm-virtual/pause/-/pause-0.0.1.tgz?dl=https://registry.npmjs.org/pause/-/pause-0.0.1.tgz",
      "integrity": "sha1-HUCLP9t2kjuVQ9lvtMnf1TXZy10="
    },
    "proxy-addr": {
      "version": "2.0.5",
      "resolved": "http://tlvmvnrepository.tlv.lpnet.com/artifactory/api/npm/lp-npm-virtual/proxy-addr/-/proxy-addr-2.0.5.tgz?dl=https://registry.npmjs.org/proxy-addr/-/proxy-addr-2.0.5.tgz",
      "integrity": "sha1-NMvWSi2B9LH9IedvnwbIpFKZ7jQ=",
      "requires": {
        "forwarded": "~0.1.2",
        "ipaddr.js": "1.9.0"
      }
    },
    "pseudomap": {
      "version": "1.0.2",
      "resolved": "http://tlvmvnrepository.tlv.lpnet.com/artifactory/api/npm/lp-npm-virtual/pseudomap/-/pseudomap-1.0.2.tgz?dl=https://registry.npmjs.org/pseudomap/-/pseudomap-1.0.2.tgz",
      "integrity": "sha1-8FKijacOYYkX7wqKw0wa5aaChrM="
    },
    "qs": {
      "version": "6.7.0",
      "resolved": "http://tlvmvnrepository.tlv.lpnet.com/artifactory/api/npm/lp-npm-virtual/qs/-/qs-6.7.0.tgz?dl=https://registry.npmjs.org/qs/-/qs-6.7.0.tgz",
      "integrity": "sha1-QdwaAV49WB8WIXdr4xr7KHapsbw="
    },
    "random-bytes": {
      "version": "1.0.0",
      "resolved": "http://tlvmvnrepository.tlv.lpnet.com/artifactory/api/npm/lp-npm-virtual/random-bytes/-/random-bytes-1.0.0.tgz?dl=https://registry.npmjs.org/random-bytes/-/random-bytes-1.0.0.tgz",
      "integrity": "sha1-T2ih3Arli9P7lYSMMDJNt11kNgs="
    },
    "range-parser": {
      "version": "1.2.1",
      "resolved": "http://tlvmvnrepository.tlv.lpnet.com/artifactory/api/npm/lp-npm-virtual/range-parser/-/range-parser-1.2.1.tgz?dl=https://registry.npmjs.org/range-parser/-/range-parser-1.2.1.tgz",
      "integrity": "sha1-PPNwI9GZ4cJNGlW4SADC8+ZGgDE="
    },
    "raw-body": {
      "version": "2.4.0",
      "resolved": "http://tlvmvnrepository.tlv.lpnet.com/artifactory/api/npm/lp-npm-virtual/raw-body/-/raw-body-2.4.0.tgz?dl=https://registry.npmjs.org/raw-body/-/raw-body-2.4.0.tgz",
      "integrity": "sha1-oc5vucm8NWylLoklarWQWeE9AzI=",
      "requires": {
        "bytes": "3.1.0",
        "http-errors": "1.7.2",
        "iconv-lite": "0.4.24",
        "unpipe": "1.0.0"
      }
    },
    "retry-as-promised": {
      "version": "3.2.0",
      "resolved": "http://tlvmvnrepository.tlv.lpnet.com/artifactory/api/npm/lp-npm-virtual/retry-as-promised/-/retry-as-promised-3.2.0.tgz?dl=https://registry.npmjs.org/retry-as-promised/-/retry-as-promised-3.2.0.tgz",
      "integrity": "sha1-dp9j1Ta+xHg1SdsHd8tW2t2dhUM=",
      "requires": {
        "any-promise": "^1.3.0"
      }
    },
    "safe-buffer": {
      "version": "5.1.2",
      "resolved": "http://tlvmvnrepository.tlv.lpnet.com/artifactory/api/npm/lp-npm-virtual/safe-buffer/-/safe-buffer-5.1.2.tgz?dl=https://registry.npmjs.org/safe-buffer/-/safe-buffer-5.1.2.tgz",
      "integrity": "sha1-mR7GnSluAxN0fVm9/St0XDX4go0="
    },
    "safer-buffer": {
      "version": "2.1.2",
      "resolved": "http://tlvmvnrepository.tlv.lpnet.com/artifactory/api/npm/lp-npm-virtual/safer-buffer/-/safer-buffer-2.1.2.tgz?dl=https://registry.npmjs.org/safer-buffer/-/safer-buffer-2.1.2.tgz",
      "integrity": "sha1-RPoWGwGHuVSd2Eu5GAL5vYOFzWo="
    },
    "semver": {
      "version": "6.1.2",
      "resolved": "http://tlvmvnrepository.tlv.lpnet.com/artifactory/api/npm/lp-npm-virtual/semver/-/semver-6.1.2.tgz?dl=https://registry.npmjs.org/semver/-/semver-6.1.2.tgz",
      "integrity": "sha1-B5lgOBN2o9ti6y7cijv7EMfP4xg="
    },
    "send": {
      "version": "0.17.1",
      "resolved": "http://tlvmvnrepository.tlv.lpnet.com/artifactory/api/npm/lp-npm-virtual/send/-/send-0.17.1.tgz?dl=https://registry.npmjs.org/send/-/send-0.17.1.tgz",
      "integrity": "sha1-wdiwWfeQD3Rm3Uk4vcROEd2zdsg=",
      "requires": {
        "debug": "2.6.9",
        "depd": "~1.1.2",
        "destroy": "~1.0.4",
        "encodeurl": "~1.0.2",
        "escape-html": "~1.0.3",
        "etag": "~1.8.1",
        "fresh": "0.5.2",
        "http-errors": "~1.7.2",
        "mime": "1.6.0",
        "ms": "2.1.1",
        "on-finished": "~2.3.0",
        "range-parser": "~1.2.1",
        "statuses": "~1.5.0"
      },
      "dependencies": {
        "ms": {
          "version": "2.1.1",
          "resolved": "http://tlvmvnrepository.tlv.lpnet.com/artifactory/api/npm/lp-npm-virtual/ms/-/ms-2.1.1.tgz?dl=https://registry.npmjs.org/ms/-/ms-2.1.1.tgz",
          "integrity": "sha1-MKWGTrPrsKZvLr5tcnrwagnYbgo="
        }
      }
    },
    "seq-queue": {
      "version": "0.0.5",
      "resolved": "http://tlvmvnrepository.tlv.lpnet.com/artifactory/api/npm/lp-npm-virtual/seq-queue/-/seq-queue-0.0.5.tgz?dl=https://registry.npmjs.org/seq-queue/-/seq-queue-0.0.5.tgz",
      "integrity": "sha1-1WgS4cAXpuTnw+Ojeh2m143TyT4="
    },
    "sequelize": {
      "version": "5.8.12",
      "resolved": "http://tlvmvnrepository.tlv.lpnet.com/artifactory/api/npm/lp-npm-virtual/sequelize/-/sequelize-5.8.12.tgz?dl=https://registry.npmjs.org/sequelize/-/sequelize-5.8.12.tgz",
      "integrity": "sha1-kfRvFniTB9QMaPjAOcENHQ8jCtI=",
      "requires": {
        "bluebird": "^3.5.0",
        "cls-bluebird": "^2.1.0",
        "debug": "^4.1.1",
        "dottie": "^2.0.0",
        "inflection": "1.12.0",
        "lodash": "^4.17.11",
        "moment": "^2.24.0",
        "moment-timezone": "^0.5.21",
        "retry-as-promised": "^3.1.0",
        "semver": "^6.1.1",
        "sequelize-pool": "^2.2.0",
        "toposort-class": "^1.0.1",
        "uuid": "^3.2.1",
        "validator": "^10.11.0",
        "wkx": "^0.4.6"
      },
      "dependencies": {
        "debug": {
          "version": "4.1.1",
          "resolved": "http://tlvmvnrepository.tlv.lpnet.com/artifactory/api/npm/lp-npm-virtual/debug/-/debug-4.1.1.tgz?dl=https://registry.npmjs.org/debug/-/debug-4.1.1.tgz",
          "integrity": "sha1-O3ImAlUQnGtYnO4FDx1RYTlmR5E=",
          "requires": {
            "ms": "^2.1.1"
          }
        },
        "ms": {
          "version": "2.1.2",
          "resolved": "http://tlvmvnrepository.tlv.lpnet.com/artifactory/api/npm/lp-npm-virtual/ms/-/ms-2.1.2.tgz?dl=https://registry.npmjs.org/ms/-/ms-2.1.2.tgz",
          "integrity": "sha1-0J0fNXtEP0kzgqjrPM0YOHKuYAk="
        }
      }
    },
    "sequelize-pool": {
      "version": "2.2.0",
      "resolved": "http://tlvmvnrepository.tlv.lpnet.com/artifactory/api/npm/lp-npm-virtual/sequelize-pool/-/sequelize-pool-2.2.0.tgz?dl=https://registry.npmjs.org/sequelize-pool/-/sequelize-pool-2.2.0.tgz",
      "integrity": "sha1-/U6wXM77XfXCPSzG/ZNMIP2cXas="
    },
    "serve-static": {
      "version": "1.14.1",
      "resolved": "http://tlvmvnrepository.tlv.lpnet.com/artifactory/api/npm/lp-npm-virtual/serve-static/-/serve-static-1.14.1.tgz?dl=https://registry.npmjs.org/serve-static/-/serve-static-1.14.1.tgz",
      "integrity": "sha1-Zm5jbcTwEPfvKZcKiKZ0MgiYsvk=",
      "requires": {
        "encodeurl": "~1.0.2",
        "escape-html": "~1.0.3",
        "parseurl": "~1.3.3",
        "send": "0.17.1"
      }
    },
    "setprototypeof": {
      "version": "1.1.1",
      "resolved": "http://tlvmvnrepository.tlv.lpnet.com/artifactory/api/npm/lp-npm-virtual/setprototypeof/-/setprototypeof-1.1.1.tgz?dl=https://registry.npmjs.org/setprototypeof/-/setprototypeof-1.1.1.tgz",
      "integrity": "sha1-fpWsskqpL1iF4KvvW6ExMw1K5oM="
    },
    "shimmer": {
      "version": "1.2.1",
      "resolved": "http://tlvmvnrepository.tlv.lpnet.com/artifactory/api/npm/lp-npm-virtual/shimmer/-/shimmer-1.2.1.tgz?dl=https://registry.npmjs.org/shimmer/-/shimmer-1.2.1.tgz",
      "integrity": "sha1-YQhZ994ye1h+/r9QH7QxF/mv8zc="
    },
    "sqlstring": {
      "version": "2.3.1",
      "resolved": "http://tlvmvnrepository.tlv.lpnet.com/artifactory/api/npm/lp-npm-virtual/sqlstring/-/sqlstring-2.3.1.tgz?dl=https://registry.npmjs.org/sqlstring/-/sqlstring-2.3.1.tgz",
      "integrity": "sha1-R1OT/56RR5rqYtyvDKPRSYOn+0A="
    },
    "statuses": {
      "version": "1.5.0",
      "resolved": "http://tlvmvnrepository.tlv.lpnet.com/artifactory/api/npm/lp-npm-virtual/statuses/-/statuses-1.5.0.tgz?dl=https://registry.npmjs.org/statuses/-/statuses-1.5.0.tgz",
      "integrity": "sha1-Fhx9rBd2Wf2YEfQ3cfqZOBR4Yow="
    },
    "toidentifier": {
      "version": "1.0.0",
      "resolved": "http://tlvmvnrepository.tlv.lpnet.com/artifactory/api/npm/lp-npm-virtual/toidentifier/-/toidentifier-1.0.0.tgz?dl=https://registry.npmjs.org/toidentifier/-/toidentifier-1.0.0.tgz",
      "integrity": "sha1-fhvjRw8ed5SLxD2Uo8j013UrpVM="
    },
    "toposort-class": {
      "version": "1.0.1",
      "resolved": "http://tlvmvnrepository.tlv.lpnet.com/artifactory/api/npm/lp-npm-virtual/toposort-class/-/toposort-class-1.0.1.tgz?dl=https://registry.npmjs.org/toposort-class/-/toposort-class-1.0.1.tgz",
      "integrity": "sha1-f/0feMi+KMO6Rc1OGj9e4ZO9mYg="
    },
    "type-is": {
      "version": "1.6.18",
      "resolved": "http://tlvmvnrepository.tlv.lpnet.com/artifactory/api/npm/lp-npm-virtual/type-is/-/type-is-1.6.18.tgz?dl=https://registry.npmjs.org/type-is/-/type-is-1.6.18.tgz",
      "integrity": "sha1-TlUs0F3wlGfcvE73Od6J8s83wTE=",
      "requires": {
        "media-typer": "0.3.0",
        "mime-types": "~2.1.24"
      }
    },
    "uid-safe": {
      "version": "2.1.5",
      "resolved": "http://tlvmvnrepository.tlv.lpnet.com/artifactory/api/npm/lp-npm-virtual/uid-safe/-/uid-safe-2.1.5.tgz?dl=https://registry.npmjs.org/uid-safe/-/uid-safe-2.1.5.tgz",
      "integrity": "sha1-Kz1cckDo/C5Y+Komnl7knAhXvTo=",
      "requires": {
        "random-bytes": "~1.0.0"
      }
    },
    "unpipe": {
      "version": "1.0.0",
      "resolved": "http://tlvmvnrepository.tlv.lpnet.com/artifactory/api/npm/lp-npm-virtual/unpipe/-/unpipe-1.0.0.tgz?dl=https://registry.npmjs.org/unpipe/-/unpipe-1.0.0.tgz",
      "integrity": "sha1-sr9O6FFKrmFltIF4KdIbLvSZBOw="
    },
    "utils-merge": {
      "version": "1.0.1",
      "resolved": "http://tlvmvnrepository.tlv.lpnet.com/artifactory/api/npm/lp-npm-virtual/utils-merge/-/utils-merge-1.0.1.tgz?dl=https://registry.npmjs.org/utils-merge/-/utils-merge-1.0.1.tgz",
      "integrity": "sha1-n5VxD1CiZ5R7LMwSR0HBAoQn5xM="
    },
    "uuid": {
      "version": "3.3.2",
      "resolved": "http://tlvmvnrepository.tlv.lpnet.com/artifactory/api/npm/lp-npm-virtual/uuid/-/uuid-3.3.2.tgz?dl=https://registry.npmjs.org/uuid/-/uuid-3.3.2.tgz",
      "integrity": "sha1-G0r0lV6zB3xQHCOHL8ZROBFYcTE="
    },
    "validator": {
      "version": "10.11.0",
      "resolved": "http://tlvmvnrepository.tlv.lpnet.com/artifactory/api/npm/lp-npm-virtual/validator/-/validator-10.11.0.tgz?dl=https://registry.npmjs.org/validator/-/validator-10.11.0.tgz",
      "integrity": "sha1-ADEI6m6amHTTHMyeUAaFbM12sig="
    },
    "vary": {
      "version": "1.1.2",
      "resolved": "http://tlvmvnrepository.tlv.lpnet.com/artifactory/api/npm/lp-npm-virtual/vary/-/vary-1.1.2.tgz?dl=https://registry.npmjs.org/vary/-/vary-1.1.2.tgz",
      "integrity": "sha1-IpnwLG3tMNSllhsLn3RSShj2NPw="
    },
    "wkx": {
      "version": "0.4.7",
      "resolved": "http://tlvmvnrepository.tlv.lpnet.com/artifactory/api/npm/lp-npm-virtual/wkx/-/wkx-0.4.7.tgz?dl=https://registry.npmjs.org/wkx/-/wkx-0.4.7.tgz",
      "integrity": "sha1-ug5PnnhelcmXWFbBg08ZqVxlz7U=",
      "requires": {
        "@types/node": "*"
      }
    },
    "yallist": {
      "version": "2.1.2",
      "resolved": "http://tlvmvnrepository.tlv.lpnet.com/artifactory/api/npm/lp-npm-virtual/yallist/-/yallist-2.1.2.tgz?dl=https://registry.npmjs.org/yallist/-/yallist-2.1.2.tgz",
      "integrity": "sha1-HBH5IY8HYImkfdUS+TxmmaaoHVI="
    }
  }
}
